
Microsoft Visual Studio Solution File, Format Version 12.00
# Visual Studio Version 17
VisualStudioVersion = 17.13.35617.110
MinimumVisualStudioVersion = 10.0.40219.1
Project("{FAE04EC0-301F-11D3-BF4B-00C04F79EFBC}") = "Single Responsibility Principle", "Single Responsibility Principle\Single Responsibility Principle.csproj", "{7312DF72-FAAC-417D-AFC7-A26FF67CA3BD}"
EndProject
Project("{FAE04EC0-301F-11D3-BF4B-00C04F79EFBC}") = "Open-Closed Principle", "Open-Closed Principle\Open-Closed Principle.csproj", "{771DDF78-3474-4116-86B5-447D39486628}"
EndProject
Project("{FAE04EC0-301F-11D3-BF4B-00C04F79EFBC}") = "Liskov Substitution Principle", "Liskov Substitution Principle\Liskov Substitution Principle.csproj", "{E0CEFFFC-B62F-412D-A296-2BB5C3BA81C2}"
EndProject
Project("{FAE04EC0-301F-11D3-BF4B-00C04F79EFBC}") = "Interface Segregation Principle", "Interface Segregation Principle\Interface Segregation Principle.csproj", "{68838556-6DA4-4BB4-9B3A-BFE9EC994D3D}"
EndProject
Project("{FAE04EC0-301F-11D3-BF4B-00C04F79EFBC}") = "Dependency Inversion Principle", "Dependency Inversion Principle\Dependency Inversion Principle.csproj", "{906D20D8-8550-44AF-84B1-BD9409FC19EC}"
EndProject
Project("{2150E333-8FDC-42A3-9474-1A3956D46DE8}") = "The SOLID Design Principles", "The SOLID Design Principles", "{02EA681E-C7D8-13C7-8484-4AC65E1B71E8}"
EndProject
Project("{2150E333-8FDC-42A3-9474-1A3956D46DE8}") = "Builder", "Builder", "{049F6ECC-87A4-4802-8794-2149B30ABCF6}"
EndProject
Project("{FAE04EC0-301F-11D3-BF4B-00C04F79EFBC}") = "Life Without Builder", "Life Without Builder\Life Without Builder.csproj", "{BADEE01A-ECC8-4D7B-8041-D47BF493A79E}"
EndProject
Project("{FAE04EC0-301F-11D3-BF4B-00C04F79EFBC}") = "Builder", "Builder\Builder.csproj", "{046E746F-0D49-ADED-C09E-82E7BB7CCBCE}"
EndProject
Project("{FAE04EC0-301F-11D3-BF4B-00C04F79EFBC}") = "Fluent Builder", "Fluent Builder\Fluent Builder.csproj", "{2BD7250C-491A-4DC9-B4C8-7201B1302615}"
EndProject
Project("{FAE04EC0-301F-11D3-BF4B-00C04F79EFBC}") = "Fluent Builder Inheritance with Recursive Generics", "Fluent Builder Inheritance with Recursive Generics\Fluent Builder Inheritance with Recursive Generics.csproj", "{E0F0D7BF-2DF8-428F-8AA8-12600FC9E43B}"
EndProject
Project("{FAE04EC0-301F-11D3-BF4B-00C04F79EFBC}") = "Stepwise Builder", "Stepwise Builder\Stepwise Builder.csproj", "{5D14E9F3-B1A4-4598-8FAA-79CC41CFF449}"
EndProject
Global
	GlobalSection(SolutionConfigurationPlatforms) = preSolution
		Debug|Any CPU = Debug|Any CPU
		Release|Any CPU = Release|Any CPU
	EndGlobalSection
	GlobalSection(ProjectConfigurationPlatforms) = postSolution
		{7312DF72-FAAC-417D-AFC7-A26FF67CA3BD}.Debug|Any CPU.ActiveCfg = Debug|Any CPU
		{7312DF72-FAAC-417D-AFC7-A26FF67CA3BD}.Debug|Any CPU.Build.0 = Debug|Any CPU
		{7312DF72-FAAC-417D-AFC7-A26FF67CA3BD}.Release|Any CPU.ActiveCfg = Release|Any CPU
		{7312DF72-FAAC-417D-AFC7-A26FF67CA3BD}.Release|Any CPU.Build.0 = Release|Any CPU
		{771DDF78-3474-4116-86B5-447D39486628}.Debug|Any CPU.ActiveCfg = Debug|Any CPU
		{771DDF78-3474-4116-86B5-447D39486628}.Debug|Any CPU.Build.0 = Debug|Any CPU
		{771DDF78-3474-4116-86B5-447D39486628}.Release|Any CPU.ActiveCfg = Release|Any CPU
		{771DDF78-3474-4116-86B5-447D39486628}.Release|Any CPU.Build.0 = Release|Any CPU
		{E0CEFFFC-B62F-412D-A296-2BB5C3BA81C2}.Debug|Any CPU.ActiveCfg = Debug|Any CPU
		{E0CEFFFC-B62F-412D-A296-2BB5C3BA81C2}.Debug|Any CPU.Build.0 = Debug|Any CPU
		{E0CEFFFC-B62F-412D-A296-2BB5C3BA81C2}.Release|Any CPU.ActiveCfg = Release|Any CPU
		{E0CEFFFC-B62F-412D-A296-2BB5C3BA81C2}.Release|Any CPU.Build.0 = Release|Any CPU
		{68838556-6DA4-4BB4-9B3A-BFE9EC994D3D}.Debug|Any CPU.ActiveCfg = Debug|Any CPU
		{68838556-6DA4-4BB4-9B3A-BFE9EC994D3D}.Debug|Any CPU.Build.0 = Debug|Any CPU
		{68838556-6DA4-4BB4-9B3A-BFE9EC994D3D}.Release|Any CPU.ActiveCfg = Release|Any CPU
		{68838556-6DA4-4BB4-9B3A-BFE9EC994D3D}.Release|Any CPU.Build.0 = Release|Any CPU
		{906D20D8-8550-44AF-84B1-BD9409FC19EC}.Debug|Any CPU.ActiveCfg = Debug|Any CPU
		{906D20D8-8550-44AF-84B1-BD9409FC19EC}.Debug|Any CPU.Build.0 = Debug|Any CPU
		{906D20D8-8550-44AF-84B1-BD9409FC19EC}.Release|Any CPU.ActiveCfg = Release|Any CPU
		{906D20D8-8550-44AF-84B1-BD9409FC19EC}.Release|Any CPU.Build.0 = Release|Any CPU
		{BADEE01A-ECC8-4D7B-8041-D47BF493A79E}.Debug|Any CPU.ActiveCfg = Debug|Any CPU
		{BADEE01A-ECC8-4D7B-8041-D47BF493A79E}.Debug|Any CPU.Build.0 = Debug|Any CPU
		{BADEE01A-ECC8-4D7B-8041-D47BF493A79E}.Release|Any CPU.ActiveCfg = Release|Any CPU
		{BADEE01A-ECC8-4D7B-8041-D47BF493A79E}.Release|Any CPU.Build.0 = Release|Any CPU
		{046E746F-0D49-ADED-C09E-82E7BB7CCBCE}.Debug|Any CPU.ActiveCfg = Debug|Any CPU
		{046E746F-0D49-ADED-C09E-82E7BB7CCBCE}.Debug|Any CPU.Build.0 = Debug|Any CPU
		{046E746F-0D49-ADED-C09E-82E7BB7CCBCE}.Release|Any CPU.ActiveCfg = Release|Any CPU
		{046E746F-0D49-ADED-C09E-82E7BB7CCBCE}.Release|Any CPU.Build.0 = Release|Any CPU
		{2BD7250C-491A-4DC9-B4C8-7201B1302615}.Debug|Any CPU.ActiveCfg = Debug|Any CPU
		{2BD7250C-491A-4DC9-B4C8-7201B1302615}.Debug|Any CPU.Build.0 = Debug|Any CPU
		{2BD7250C-491A-4DC9-B4C8-7201B1302615}.Release|Any CPU.ActiveCfg = Release|Any CPU
		{2BD7250C-491A-4DC9-B4C8-7201B1302615}.Release|Any CPU.Build.0 = Release|Any CPU
		{E0F0D7BF-2DF8-428F-8AA8-12600FC9E43B}.Debug|Any CPU.ActiveCfg = Debug|Any CPU
		{E0F0D7BF-2DF8-428F-8AA8-12600FC9E43B}.Debug|Any CPU.Build.0 = Debug|Any CPU
		{E0F0D7BF-2DF8-428F-8AA8-12600FC9E43B}.Release|Any CPU.ActiveCfg = Release|Any CPU
		{E0F0D7BF-2DF8-428F-8AA8-12600FC9E43B}.Release|Any CPU.Build.0 = Release|Any CPU
		{5D14E9F3-B1A4-4598-8FAA-79CC41CFF449}.Debug|Any CPU.ActiveCfg = Debug|Any CPU
		{5D14E9F3-B1A4-4598-8FAA-79CC41CFF449}.Debug|Any CPU.Build.0 = Debug|Any CPU
		{5D14E9F3-B1A4-4598-8FAA-79CC41CFF449}.Release|Any CPU.ActiveCfg = Release|Any CPU
		{5D14E9F3-B1A4-4598-8FAA-79CC41CFF449}.Release|Any CPU.Build.0 = Release|Any CPU
	EndGlobalSection
	GlobalSection(SolutionProperties) = preSolution
		HideSolutionNode = FALSE
	EndGlobalSection
	GlobalSection(NestedProjects) = preSolution
		{7312DF72-FAAC-417D-AFC7-A26FF67CA3BD} = {02EA681E-C7D8-13C7-8484-4AC65E1B71E8}
		{771DDF78-3474-4116-86B5-447D39486628} = {02EA681E-C7D8-13C7-8484-4AC65E1B71E8}
		{E0CEFFFC-B62F-412D-A296-2BB5C3BA81C2} = {02EA681E-C7D8-13C7-8484-4AC65E1B71E8}
		{68838556-6DA4-4BB4-9B3A-BFE9EC994D3D} = {02EA681E-C7D8-13C7-8484-4AC65E1B71E8}
		{906D20D8-8550-44AF-84B1-BD9409FC19EC} = {02EA681E-C7D8-13C7-8484-4AC65E1B71E8}
		{BADEE01A-ECC8-4D7B-8041-D47BF493A79E} = {049F6ECC-87A4-4802-8794-2149B30ABCF6}
		{046E746F-0D49-ADED-C09E-82E7BB7CCBCE} = {049F6ECC-87A4-4802-8794-2149B30ABCF6}
		{2BD7250C-491A-4DC9-B4C8-7201B1302615} = {049F6ECC-87A4-4802-8794-2149B30ABCF6}
		{E0F0D7BF-2DF8-428F-8AA8-12600FC9E43B} = {049F6ECC-87A4-4802-8794-2149B30ABCF6}
		{5D14E9F3-B1A4-4598-8FAA-79CC41CFF449} = {049F6ECC-87A4-4802-8794-2149B30ABCF6}
	EndGlobalSection
	GlobalSection(ExtensibilityGlobals) = postSolution
		SolutionGuid = {0F304571-84B8-4387-8158-E2EAF159C046}
	EndGlobalSection
EndGlobal
